
Microsoft Visual Studio Solution File, Format Version 12.00
# Visual Studio Version 17
VisualStudioVersion = 17.0.32014.148
MinimumVisualStudioVersion = 10.0.40219.1
Project("{9A19103F-16F7-4668-BE54-9A1E7A4F7556}") = "Offeror.TelegramBot", "Offeror.TelegramBot\Offeror.TelegramBot.csproj", "{478296B6-2289-4966-88D4-FF25DC0FDCA8}"
EndProject
Project("{9A19103F-16F7-4668-BE54-9A1E7A4F7556}") = "Offeror.TelegramBot.Tests", "Offeror.TelegramBot.Tests\Offeror.TelegramBot.Tests.csproj", "{514CFA9F-E2CF-4252-AFAF-B1607924ED44}"
EndProject
Project("{2150E333-8FDC-42A3-9474-1A3956D46DE8}") = "Solution Items", "Solution Items", "{DA41A54E-42B4-428E-A92F-759C16D52707}"
	ProjectSection(SolutionItems) = preProject
		.editorconfig = .editorconfig
	EndProjectSection
EndProject
Global
	GlobalSection(SolutionConfigurationPlatforms) = preSolution
		Debug|Any CPU = Debug|Any CPU
		Release|Any CPU = Release|Any CPU
	EndGlobalSection
	GlobalSection(ProjectConfigurationPlatforms) = postSolution
		{478296B6-2289-4966-88D4-FF25DC0FDCA8}.Debug|Any CPU.ActiveCfg = Debug|Any CPU
		{478296B6-2289-4966-88D4-FF25DC0FDCA8}.Debug|Any CPU.Build.0 = Debug|Any CPU
		{478296B6-2289-4966-88D4-FF25DC0FDCA8}.Release|Any CPU.ActiveCfg = Release|Any CPU
		{478296B6-2289-4966-88D4-FF25DC0FDCA8}.Release|Any CPU.Build.0 = Release|Any CPU
		{514CFA9F-E2CF-4252-AFAF-B1607924ED44}.Debug|Any CPU.ActiveCfg = Debug|Any CPU
		{514CFA9F-E2CF-4252-AFAF-B1607924ED44}.Debug|Any CPU.Build.0 = Debug|Any CPU
		{514CFA9F-E2CF-4252-AFAF-B1607924ED44}.Release|Any CPU.ActiveCfg = Release|Any CPU
		{514CFA9F-E2CF-4252-AFAF-B1607924ED44}.Release|Any CPU.Build.0 = Release|Any CPU
	EndGlobalSection
	GlobalSection(SolutionProperties) = preSolution
		HideSolutionNode = FALSE
	EndGlobalSection
	GlobalSection(ExtensibilityGlobals) = postSolution
		SolutionGuid = {1034DC37-6B1C-45A5-9764-40B73DCA162E}
	EndGlobalSection
EndGlobal
